
Microsoft Visual Studio Solution File, Format Version 12.00
# Visual Studio Version 17
VisualStudioVersion = 17.11.35222.181
MinimumVisualStudioVersion = 10.0.40219.1
Project("{FAE04EC0-301F-11D3-BF4B-00C04F79EFBC}") = "GameStore.WEB", "GameStore.WEB\GameStore.WEB.csproj", "{1CFE41AD-42BC-45A3-B58F-1736412CE44D}"
EndProject
Project("{FAE04EC0-301F-11D3-BF4B-00C04F79EFBC}") = "GameStore.DAL", "GameStore.DAL\GameStore.DAL.csproj", "{E45AE3CA-4F52-45E9-95D4-514A4A96438A}"
EndProject
Project("{FAE04EC0-301F-11D3-BF4B-00C04F79EFBC}") = "GameStore.BLL", "GameStore.BLL\GameStore.BLL.csproj", "{1519F0DB-8C2A-47C0-AA61-1AC48C9B2471}"
EndProject
Global
	GlobalSection(SolutionConfigurationPlatforms) = preSolution
		Debug|Any CPU = Debug|Any CPU
		Release|Any CPU = Release|Any CPU
	EndGlobalSection
	GlobalSection(ProjectConfigurationPlatforms) = postSolution
		{1CFE41AD-42BC-45A3-B58F-1736412CE44D}.Debug|Any CPU.ActiveCfg = Debug|Any CPU
		{1CFE41AD-42BC-45A3-B58F-1736412CE44D}.Debug|Any CPU.Build.0 = Debug|Any CPU
		{1CFE41AD-42BC-45A3-B58F-1736412CE44D}.Release|Any CPU.ActiveCfg = Release|Any CPU
		{1CFE41AD-42BC-45A3-B58F-1736412CE44D}.Release|Any CPU.Build.0 = Release|Any CPU
		{E45AE3CA-4F52-45E9-95D4-514A4A96438A}.Debug|Any CPU.ActiveCfg = Debug|Any CPU
		{E45AE3CA-4F52-45E9-95D4-514A4A96438A}.Debug|Any CPU.Build.0 = Debug|Any CPU
		{E45AE3CA-4F52-45E9-95D4-514A4A96438A}.Release|Any CPU.ActiveCfg = Release|Any CPU
		{E45AE3CA-4F52-45E9-95D4-514A4A96438A}.Release|Any CPU.Build.0 = Release|Any CPU
		{1519F0DB-8C2A-47C0-AA61-1AC48C9B2471}.Debug|Any CPU.ActiveCfg = Debug|Any CPU
		{1519F0DB-8C2A-47C0-AA61-1AC48C9B2471}.Debug|Any CPU.Build.0 = Debug|Any CPU
		{1519F0DB-8C2A-47C0-AA61-1AC48C9B2471}.Release|Any CPU.ActiveCfg = Release|Any CPU
		{1519F0DB-8C2A-47C0-AA61-1AC48C9B2471}.Release|Any CPU.Build.0 = Release|Any CPU
	EndGlobalSection
	GlobalSection(SolutionProperties) = preSolution
		HideSolutionNode = FALSE
	EndGlobalSection
	GlobalSection(ExtensibilityGlobals) = postSolution
		SolutionGuid = {CD1CF15D-DC00-4524-A9EE-98DFA85D9B7F}
	EndGlobalSection
EndGlobal
